// !$*UTF8*$!
{
	archiveVersion = 1;
	classes = {
	};
	objectVersion = 46;
	objects = {

/* Begin PBXBuildFile section */
		C8912A0D1ABACC9100BFB500 /* AppDelegate.swift in Sources */ = {isa = PBXBuildFile; fileRef = C8912A0C1ABACC9100BFB500 /* AppDelegate.swift */; };
		C8912A101ABACC9100BFB500 /* week4practicum.xcdatamodeld in Sources */ = {isa = PBXBuildFile; fileRef = C8912A0E1ABACC9100BFB500 /* week4practicum.xcdatamodeld */; };
		C8912A121ABACC9100BFB500 /* ViewController.swift in Sources */ = {isa = PBXBuildFile; fileRef = C8912A111ABACC9100BFB500 /* ViewController.swift */; };
		C8912A151ABACC9100BFB500 /* Main.storyboard in Resources */ = {isa = PBXBuildFile; fileRef = C8912A131ABACC9100BFB500 /* Main.storyboard */; };
		C8912A171ABACC9100BFB500 /* Images.xcassets in Resources */ = {isa = PBXBuildFile; fileRef = C8912A161ABACC9100BFB500 /* Images.xcassets */; };
		C8912A1A1ABACC9100BFB500 /* LaunchScreen.xib in Resources */ = {isa = PBXBuildFile; fileRef = C8912A181ABACC9100BFB500 /* LaunchScreen.xib */; };
		C8912A261ABACC9100BFB500 /* week4practicumTests.swift in Sources */ = {isa = PBXBuildFile; fileRef = C8912A251ABACC9100BFB500 /* week4practicumTests.swift */; };
		C8912A411ABACF1800BFB500 /* pirates.swift in Sources */ = {isa = PBXBuildFile; fileRef = C8912A401ABACF1800BFB500 /* pirates.swift */; };
/* End PBXBuildFile section */

/* Begin PBXContainerItemProxy section */
		C8912A201ABACC9100BFB500 /* PBXContainerItemProxy */ = {
			isa = PBXContainerItemProxy;
			containerPortal = C89129FF1ABACC9100BFB500 /* Project object */;
			proxyType = 1;
			remoteGlobalIDString = C8912A061ABACC9100BFB500;
			remoteInfo = week4practicum;
		};
		C8912A361ABACD2F00BFB500 /* PBXContainerItemProxy */ = {
			isa = PBXContainerItemProxy;
			containerPortal = C8912A2F1ABACD2F00BFB500 /* Alamofire.xcodeproj */;
			proxyType = 2;
			remoteGlobalIDString = F8111E3319A95C8B0040E7D1;
			remoteInfo = "Alamofire iOS";
		};
		C8912A381ABACD2F00BFB500 /* PBXContainerItemProxy */ = {
			isa = PBXContainerItemProxy;
			containerPortal = C8912A2F1ABACD2F00BFB500 /* Alamofire.xcodeproj */;
			proxyType = 2;
			remoteGlobalIDString = 4DD67C0B1A5C55C900ED2280;
			remoteInfo = "Alamofire OSX";
		};
		C8912A3A1ABACD2F00BFB500 /* PBXContainerItemProxy */ = {
			isa = PBXContainerItemProxy;
			containerPortal = C8912A2F1ABACD2F00BFB500 /* Alamofire.xcodeproj */;
			proxyType = 2;
			remoteGlobalIDString = F8111E3E19A95C8B0040E7D1;
			remoteInfo = "Alamofire iOS Tests";
		};
		C8912A3C1ABACD2F00BFB500 /* PBXContainerItemProxy */ = {
			isa = PBXContainerItemProxy;
			containerPortal = C8912A2F1ABACD2F00BFB500 /* Alamofire.xcodeproj */;
			proxyType = 2;
			remoteGlobalIDString = F829C6B21A7A94F100A2CD59;
			remoteInfo = "Alamofire OSX Tests";
		};
		C8912A3E1ABACD4300BFB500 /* PBXContainerItemProxy */ = {
			isa = PBXContainerItemProxy;
			containerPortal = C8912A2F1ABACD2F00BFB500 /* Alamofire.xcodeproj */;
			proxyType = 1;
			remoteGlobalIDString = F8111E3219A95C8B0040E7D1;
			remoteInfo = "Alamofire iOS";
		};
/* End PBXContainerItemProxy section */

/* Begin PBXFileReference section */
		C8912A071ABACC9100BFB500 /* week4practicum.app */ = {isa = PBXFileReference; explicitFileType = wrapper.application; includeInIndex = 0; path = week4practicum.app; sourceTree = BUILT_PRODUCTS_DIR; };
		C8912A0B1ABACC9100BFB500 /* Info.plist */ = {isa = PBXFileReference; lastKnownFileType = text.plist.xml; path = Info.plist; sourceTree = "<group>"; };
		C8912A0C1ABACC9100BFB500 /* AppDelegate.swift */ = {isa = PBXFileReference; lastKnownFileType = sourcecode.swift; path = AppDelegate.swift; sourceTree = "<group>"; };
		C8912A0F1ABACC9100BFB500 /* week4practicum.xcdatamodel */ = {isa = PBXFileReference; lastKnownFileType = wrapper.xcdatamodel; path = week4practicum.xcdatamodel; sourceTree = "<group>"; };
		C8912A111ABACC9100BFB500 /* ViewController.swift */ = {isa = PBXFileReference; lastKnownFileType = sourcecode.swift; path = ViewController.swift; sourceTree = "<group>"; };
		C8912A141ABACC9100BFB500 /* Base */ = {isa = PBXFileReference; lastKnownFileType = file.storyboard; name = Base; path = Base.lproj/Main.storyboard; sourceTree = "<group>"; };
		C8912A161ABACC9100BFB500 /* Images.xcassets */ = {isa = PBXFileReference; lastKnownFileType = folder.assetcatalog; path = Images.xcassets; sourceTree = "<group>"; };
		C8912A191ABACC9100BFB500 /* Base */ = {isa = PBXFileReference; lastKnownFileType = file.xib; name = Base; path = Base.lproj/LaunchScreen.xib; sourceTree = "<group>"; };
		C8912A1F1ABACC9100BFB500 /* week4practicumTests.xctest */ = {isa = PBXFileReference; explicitFileType = wrapper.cfbundle; includeInIndex = 0; path = week4practicumTests.xctest; sourceTree = BUILT_PRODUCTS_DIR; };
		C8912A241ABACC9100BFB500 /* Info.plist */ = {isa = PBXFileReference; lastKnownFileType = text.plist.xml; path = Info.plist; sourceTree = "<group>"; };
		C8912A251ABACC9100BFB500 /* week4practicumTests.swift */ = {isa = PBXFileReference; lastKnownFileType = sourcecode.swift; path = week4practicumTests.swift; sourceTree = "<group>"; };
		C8912A2F1ABACD2F00BFB500 /* Alamofire.xcodeproj */ = {isa = PBXFileReference; lastKnownFileType = "wrapper.pb-project"; name = Alamofire.xcodeproj; path = "../../../Alamofire-master/Alamofire.xcodeproj"; sourceTree = "<group>"; };
		C8912A401ABACF1800BFB500 /* pirates.swift */ = {isa = PBXFileReference; fileEncoding = 4; lastKnownFileType = sourcecode.swift; path = pirates.swift; sourceTree = "<group>"; };
/* End PBXFileReference section */

/* Begin PBXFrameworksBuildPhase section */
		C8912A041ABACC9100BFB500 /* Frameworks */ = {
			isa = PBXFrameworksBuildPhase;
			buildActionMask = 2147483647;
			files = (
			);
			runOnlyForDeploymentPostprocessing = 0;
		};
		C8912A1C1ABACC9100BFB500 /* Frameworks */ = {
			isa = PBXFrameworksBuildPhase;
			buildActionMask = 2147483647;
			files = (
			);
			runOnlyForDeploymentPostprocessing = 0;
		};
/* End PBXFrameworksBuildPhase section */

/* Begin PBXGroup section */
		C89129FE1ABACC9100BFB500 = {
			isa = PBXGroup;
			children = (
				C8912A091ABACC9100BFB500 /* week4practicum */,
				C8912A221ABACC9100BFB500 /* week4practicumTests */,
				C8912A081ABACC9100BFB500 /* Products */,
			);
			sourceTree = "<group>";
		};
		C8912A081ABACC9100BFB500 /* Products */ = {
			isa = PBXGroup;
			children = (
				C8912A071ABACC9100BFB500 /* week4practicum.app */,
				C8912A1F1ABACC9100BFB500 /* week4practicumTests.xctest */,
			);
			name = Products;
			sourceTree = "<group>";
		};
		C8912A091ABACC9100BFB500 /* week4practicum */ = {
			isa = PBXGroup;
			children = (
				C8912A2F1ABACD2F00BFB500 /* Alamofire.xcodeproj */,
				C8912A0C1ABACC9100BFB500 /* AppDelegate.swift */,
				C8912A111ABACC9100BFB500 /* ViewController.swift */,
				C8912A131ABACC9100BFB500 /* Main.storyboard */,
				C8912A161ABACC9100BFB500 /* Images.xcassets */,
				C8912A181ABACC9100BFB500 /* LaunchScreen.xib */,
				C8912A0E1ABACC9100BFB500 /* week4practicum.xcdatamodeld */,
				C8912A0A1ABACC9100BFB500 /* Supporting Files */,
				C8912A401ABACF1800BFB500 /* pirates.swift */,
			);
			path = week4practicum;
			sourceTree = "<group>";
		};
		C8912A0A1ABACC9100BFB500 /* Supporting Files */ = {
			isa = PBXGroup;
			children = (
				C8912A0B1ABACC9100BFB500 /* Info.plist */,
			);
			name = "Supporting Files";
			sourceTree = "<group>";
		};
		C8912A221ABACC9100BFB500 /* week4practicumTests */ = {
			isa = PBXGroup;
			children = (
				C8912A251ABACC9100BFB500 /* week4practicumTests.swift */,
				C8912A231ABACC9100BFB500 /* Supporting Files */,
			);
			path = week4practicumTests;
			sourceTree = "<group>";
		};
		C8912A231ABACC9100BFB500 /* Supporting Files */ = {
			isa = PBXGroup;
			children = (
				C8912A241ABACC9100BFB500 /* Info.plist */,
			);
			name = "Supporting Files";
			sourceTree = "<group>";
		};
		C8912A301ABACD2F00BFB500 /* Products */ = {
			isa = PBXGroup;
			children = (
				C8912A371ABACD2F00BFB500 /* Alamofire.framework */,
				C8912A391ABACD2F00BFB500 /* Alamofire.framework */,
				C8912A3B1ABACD2F00BFB500 /* Alamofire iOS Tests.xctest */,
				C8912A3D1ABACD2F00BFB500 /* Alamofire OSX Tests.xctest */,
			);
			name = Products;
			sourceTree = "<group>";
		};
/* End PBXGroup section */

/* Begin PBXNativeTarget section */
		C8912A061ABACC9100BFB500 /* week4practicum */ = {
			isa = PBXNativeTarget;
			buildConfigurationList = C8912A291ABACC9100BFB500 /* Build configuration list for PBXNativeTarget "week4practicum" */;
			buildPhases = (
				C8912A031ABACC9100BFB500 /* Sources */,
				C8912A041ABACC9100BFB500 /* Frameworks */,
				C8912A051ABACC9100BFB500 /* Resources */,
			);
			buildRules = (
			);
			dependencies = (
				C8912A3F1ABACD4300BFB500 /* PBXTargetDependency */,
			);
			name = week4practicum;
			productName = week4practicum;
			productReference = C8912A071ABACC9100BFB500 /* week4practicum.app */;
			productType = "com.apple.product-type.application";
		};
		C8912A1E1ABACC9100BFB500 /* week4practicumTests */ = {
			isa = PBXNativeTarget;
			buildConfigurationList = C8912A2C1ABACC9100BFB500 /* Build configuration list for PBXNativeTarget "week4practicumTests" */;
			buildPhases = (
				C8912A1B1ABACC9100BFB500 /* Sources */,
				C8912A1C1ABACC9100BFB500 /* Frameworks */,
				C8912A1D1ABACC9100BFB500 /* Resources */,
			);
			buildRules = (
			);
			dependencies = (
				C8912A211ABACC9100BFB500 /* PBXTargetDependency */,
			);
			name = week4practicumTests;
			productName = week4practicumTests;
			productReference = C8912A1F1ABACC9100BFB500 /* week4practicumTests.xctest */;
			productType = "com.apple.product-type.bundle.unit-test";
		};
/* End PBXNativeTarget section */

/* Begin PBXProject section */
		C89129FF1ABACC9100BFB500 /* Project object */ = {
			isa = PBXProject;
			attributes = {
				LastUpgradeCheck = 0610;
				ORGANIZATIONNAME = "Joost van Bergen";
				TargetAttributes = {
					C8912A061ABACC9100BFB500 = {
						CreatedOnToolsVersion = 6.1.1;
					};
					C8912A1E1ABACC9100BFB500 = {
						CreatedOnToolsVersion = 6.1.1;
						TestTargetID = C8912A061ABACC9100BFB500;
					};
				};
			};
			buildConfigurationList = C8912A021ABACC9100BFB500 /* Build configuration list for PBXProject "week4practicum" */;
			compatibilityVersion = "Xcode 3.2";
			developmentRegion = English;
			hasScannedForEncodings = 0;
			knownRegions = (
				en,
				Base,
			);
			mainGroup = C89129FE1ABACC9100BFB500;
			productRefGroup = C8912A081ABACC9100BFB500 /* Products */;
			projectDirPath = "";
			projectReferences = (
				{
					ProductGroup = C8912A301ABACD2F00BFB500 /* Products */;
					ProjectRef = C8912A2F1ABACD2F00BFB500 /* Alamofire.xcodeproj */;
				},
			);
			projectRoot = "";
			targets = (
				C8912A061ABACC9100BFB500 /* week4practicum */,
				C8912A1E1ABACC9100BFB500 /* week4practicumTests */,
			);
		};
/* End PBXProject section */

/* Begin PBXReferenceProxy section */
		C8912A371ABACD2F00BFB500 /* Alamofire.framework */ = {
			isa = PBXReferenceProxy;
			fileType = wrapper.framework;
			path = Alamofire.framework;
			remoteRef = C8912A361ABACD2F00BFB500 /* PBXContainerItemProxy */;
			sourceTree = BUILT_PRODUCTS_DIR;
		};
		C8912A391ABACD2F00BFB500 /* Alamofire.framework */ = {
			isa = PBXReferenceProxy;
			fileType = wrapper.framework;
			path = Alamofire.framework;
			remoteRef = C8912A381ABACD2F00BFB500 /* PBXContainerItemProxy */;
			sourceTree = BUILT_PRODUCTS_DIR;
		};
		C8912A3B1ABACD2F00BFB500 /* Alamofire iOS Tests.xctest */ = {
			isa = PBXReferenceProxy;
			fileType = wrapper.cfbundle;
			path = "Alamofire iOS Tests.xctest";
			remoteRef = C8912A3A1ABACD2F00BFB500 /* PBXContainerItemProxy */;
			sourceTree = BUILT_PRODUCTS_DIR;
		};
		C8912A3D1ABACD2F00BFB500 /* Alamofire OSX Tests.xctest */ = {
			isa = PBXReferenceProxy;
			fileType = wrapper.cfbundle;
			path = "Alamofire OSX Tests.xctest";
			remoteRef = C8912A3C1ABACD2F00BFB500 /* PBXContainerItemProxy */;
			sourceTree = BUILT_PRODUCTS_DIR;
		};
/* End PBXReferenceProxy section */

/* Begin PBXResourcesBuildPhase section */
		C8912A051ABACC9100BFB500 /* Resources */ = {
			isa = PBXResourcesBuildPhase;
			buildActionMask = 2147483647;
			files = (
				C8912A151ABACC9100BFB500 /* Main.storyboard in Resources */,
				C8912A1A1ABACC9100BFB500 /* LaunchScreen.xib in Resources */,
				C8912A171ABACC9100BFB500 /* Images.xcassets in Resources */,
			);
			runOnlyForDeploymentPostprocessing = 0;
		};
		C8912A1D1ABACC9100BFB500 /* Resources */ = {
			isa = PBXResourcesBuildPhase;
			buildActionMask = 2147483647;
			files = (
			);
			runOnlyForDeploymentPostprocessing = 0;
		};
/* End PBXResourcesBuildPhase section */

/* Begin PBXSourcesBuildPhase section */
		C8912A031ABACC9100BFB500 /* Sources */ = {
			isa = PBXSourcesBuildPhase;
			buildActionMask = 2147483647;
			files = (
				C8912A411ABACF1800BFB500 /* pirates.swift in Sources */,
				C8912A121ABACC9100BFB500 /* ViewController.swift in Sources */,
				C8912A0D1ABACC9100BFB500 /* AppDelegate.swift in Sources */,
				C8912A101ABACC9100BFB500 /* week4practicum.xcdatamodeld in Sources */,
			);
			runOnlyForDeploymentPostprocessing = 0;
		};
		C8912A1B1ABACC9100BFB500 /* Sources */ = {
			isa = PBXSourcesBuildPhase;
			buildActionMask = 2147483647;
			files = (
				C8912A261ABACC9100BFB500 /* week4practicumTests.swift in Sources */,
			);
			runOnlyForDeploymentPostprocessing = 0;
		};
/* End PBXSourcesBuildPhase section */

/* Begin PBXTargetDependency section */
		C8912A211ABACC9100BFB500 /* PBXTargetDependency */ = {
			isa = PBXTargetDependency;
			target = C8912A061ABACC9100BFB500 /* week4practicum */;
			targetProxy = C8912A201ABACC9100BFB500 /* PBXContainerItemProxy */;
		};
		C8912A3F1ABACD4300BFB500 /* PBXTargetDependency */ = {
			isa = PBXTargetDependency;
			name = "Alamofire iOS";
			targetProxy = C8912A3E1ABACD4300BFB500 /* PBXContainerItemProxy */;
		};
/* End PBXTargetDependency section */

/* Begin PBXVariantGroup section */
		C8912A131ABACC9100BFB500 /* Main.storyboard */ = {
			isa = PBXVariantGroup;
			children = (
				C8912A141ABACC9100BFB500 /* Base */,
			);
			name = Main.storyboard;
			sourceTree = "<group>";
		};
		C8912A181ABACC9100BFB500 /* LaunchScreen.xib */ = {
			isa = PBXVariantGroup;
			children = (
				C8912A191ABACC9100BFB500 /* Base */,
			);
			name = LaunchScreen.xib;
			sourceTree = "<group>";
		};
/* End PBXVariantGroup section */

/* Begin XCBuildConfiguration section */
		C8912A271ABACC9100BFB500 /* Debug */ = {
			isa = XCBuildConfiguration;
			buildSettings = {
				ALWAYS_SEARCH_USER_PATHS = NO;
				CLANG_CXX_LANGUAGE_STANDARD = "gnu++0x";
				CLANG_CXX_LIBRARY = "libc++";
				CLANG_ENABLE_MODULES = YES;
				CLANG_ENABLE_OBJC_ARC = YES;
				CLANG_WARN_BOOL_CONVERSION = YES;
				CLANG_WARN_CONSTANT_CONVERSION = YES;
				CLANG_WARN_DIRECT_OBJC_ISA_USAGE = YES_ERROR;
				CLANG_WARN_EMPTY_BODY = YES;
				CLANG_WARN_ENUM_CONVERSION = YES;
				CLANG_WARN_INT_CONVERSION = YES;
				CLANG_WARN_OBJC_ROOT_CLASS = YES_ERROR;
				CLANG_WARN_UNREACHABLE_CODE = YES;
				CLANG_WARN__DUPLICATE_METHOD_MATCH = YES;
				"CODE_SIGN_IDENTITY[sdk=iphoneos*]" = "iPhone Developer";
				COPY_PHASE_STRIP = NO;
				ENABLE_STRICT_OBJC_MSGSEND = YES;
				GCC_C_LANGUAGE_STANDARD = gnu99;
				GCC_DYNAMIC_NO_PIC = NO;
				GCC_OPTIMIZATION_LEVEL = 0;
				GCC_PREPROCESSOR_DEFINITIONS = (
					"DEBUG=1",
					"$(inherited)",
				);
				GCC_SYMBOLS_PRIVATE_EXTERN = NO;
				GCC_WARN_64_TO_32_BIT_CONVERSION = YES;
				GCC_WARN_ABOUT_RETURN_TYPE = YES_ERROR;
				GCC_WARN_UNDECLARED_SELECTOR = YES;
				GCC_WARN_UNINITIALIZED_AUTOS = YES_AGGRESSIVE;
				GCC_WARN_UNUSED_FUNCTION = YES;
				GCC_WARN_UNUSED_VARIABLE = YES;
				IPHONEOS_DEPLOYMENT_TARGET = 8.1;
				MTL_ENABLE_DEBUG_INFO = YES;
				ONLY_ACTIVE_ARCH = YES;
				SDKROOT = iphoneos;
				SWIFT_OPTIMIZATION_LEVEL = "-Onone";
			};
			name = Debug;
		};
		C8912A281ABACC9100BFB500 /* Release */ = {
			isa = XCBuildConfiguration;
			buildSettings = {
				ALWAYS_SEARCH_USER_PATHS = NO;
				CLANG_CXX_LANGUAGE_STANDARD = "gnu++0x";
				CLANG_CXX_LIBRARY = "libc++";
				CLANG_ENABLE_MODULES = YES;
				CLANG_ENABLE_OBJC_ARC = YES;
				CLANG_WARN_BOOL_CONVERSION = YES;
				CLANG_WARN_CONSTANT_CONVERSION = YES;
				CLANG_WARN_DIRECT_OBJC_ISA_USAGE = YES_ERROR;
				CLANG_WARN_EMPTY_BODY = YES;
				CLANG_WARN_ENUM_CONVERSION = YES;
				CLANG_WARN_INT_CONVERSION = YES;
				CLANG_WARN_OBJC_ROOT_CLASS = YES_ERROR;
				CLANG_WARN_UNREACHABLE_CODE = YES;
				CLANG_WARN__DUPLICATE_METHOD_MATCH = YES;
				"CODE_SIGN_IDENTITY[sdk=iphoneos*]" = "iPhone Developer";
				COPY_PHASE_STRIP = YES;
				ENABLE_NS_ASSERTIONS = NO;
				ENABLE_STRICT_OBJC_MSGSEND = YES;
				GCC_C_LANGUAGE_STANDARD = gnu99;
				GCC_WARN_64_TO_32_BIT_CONVERSION = YES;
				GCC_WARN_ABOUT_RETURN_TYPE = YES_ERROR;
				GCC_WARN_UNDECLARED_SELECTOR = YES;
				GCC_WARN_UNINITIALIZED_AUTOS = YES_AGGRESSIVE;
				GCC_WARN_UNUSED_FUNCTION = YES;
				GCC_WARN_UNUSED_VARIABLE = YES;
				IPHONEOS_DEPLOYMENT_TARGET = 8.1;
				MTL_ENABLE_DEBUG_INFO = NO;
				SDKROOT = iphoneos;
				VALIDATE_PRODUCT = YES;
			};
			name = Release;
		};
		C8912A2A1ABACC9100BFB500 /* Debug */ = {
			isa = XCBuildConfiguration;
			buildSettings = {
				ASSETCATALOG_COMPILER_APPICON_NAME = AppIcon;
				INFOPLIST_FILE = week4practicum/Info.plist;
				LD_RUNPATH_SEARCH_PATHS = "$(inherited) @executable_path/Frameworks";
				PRODUCT_NAME = "$(TARGET_NAME)";
			};
			name = Debug;
		};
		C8912A2B1ABACC9100BFB500 /* Release */ = {
			isa = XCBuildConfiguration;
			buildSettings = {
				ASSETCATALOG_COMPILER_APPICON_NAME = AppIcon;
				INFOPLIST_FILE = week4practicum/Info.plist;
				LD_RUNPATH_SEARCH_PATHS = "$(inherited) @executable_path/Frameworks";
				PRODUCT_NAME = "$(TARGET_NAME)";
			};
			name = Release;
		};
		C8912A2D1ABACC9100BFB500 /* Debug */ = {
			isa = XCBuildConfiguration;
			buildSettings = {
				BUNDLE_LOADER = "$(TEST_HOST)";
				FRAMEWORK_SEARCH_PATHS = (
					"$(SDKROOT)/Developer/Library/Frameworks",
					"$(inherited)",
				);
				GCC_PREPROCESSOR_DEFINITIONS = (
					"DEBUG=1",
					"$(inherited)",
				);
				INFOPLIST_FILE = week4practicumTests/Info.plist;
				LD_RUNPATH_SEARCH_PATHS = "$(inherited) @executable_path/Frameworks @loader_path/Frameworks";
				PRODUCT_NAME = "$(TARGET_NAME)";
				TEST_HOST = "$(BUILT_PRODUCTS_DIR)/week4practicum.app/week4practicum";
			};
			name = Debug;
		};
		C8912A2E1ABACC9100BFB500 /* Release */ = {
			isa = XCBuildConfiguration;
			buildSettings = {
				BUNDLE_LOADER = "$(TEST_HOST)";
				FRAMEWORK_SEARCH_PATHS = (
					"$(SDKROOT)/Developer/Library/Frameworks",
					"$(inherited)",
				);
				INFOPLIST_FILE = week4practicumTests/Info.plist;
				LD_RUNPATH_SEARCH_PATHS = "$(inherited) @executable_path/Frameworks @loader_path/Frameworks";
				PRODUCT_NAME = "$(TARGET_NAME)";
				TEST_HOST = "$(BUILT_PRODUCTS_DIR)/week4practicum.app/week4practicum";
			};
			name = Release;
		};
/* End XCBuildConfiguration section */

/* Begin XCConfigurationList section */
		C8912A021ABACC9100BFB500 /* Build configuration list for PBXProject "week4practicum" */ = {
			isa = XCConfigurationList;
			buildConfigurations = (
				C8912A271ABACC9100BFB500 /* Debug */,
				C8912A281ABACC9100BFB500 /* Release */,
			);
			defaultConfigurationIsVisible = 0;
			defaultConfigurationName = Release;
		};
		C8912A291ABACC9100BFB500 /* Build configuration list for PBXNativeTarget "week4practicum" */ = {
			isa = XCConfigurationList;
			buildConfigurations = (
				C8912A2A1ABACC9100BFB500 /* Debug */,
				C8912A2B1ABACC9100BFB500 /* Release */,
			);
			defaultConfigurationIsVisible = 0;
			defaultConfigurationName = Release;
		};
		C8912A2C1ABACC9100BFB500 /* Build configuration list for PBXNativeTarget "week4practicumTests" */ = {
			isa = XCConfigurationList;
			buildConfigurations = (
				C8912A2D1ABACC9100BFB500 /* Debug */,
				C8912A2E1ABACC9100BFB500 /* Release */,
			);
			defaultConfigurationIsVisible = 0;
			defaultConfigurationName = Release;
		};
/* End XCConfigurationList section */

/* Begin XCVersionGroup section */
		C8912A0E1ABACC9100BFB500 /* week4practicum.xcdatamodeld */ = {
			isa = XCVersionGroup;
			children = (
				C8912A0F1ABACC9100BFB500 /* week4practicum.xcdatamodel */,
			);
			currentVersion = C8912A0F1ABACC9100BFB500 /* week4practicum.xcdatamodel */;
			path = week4practicum.xcdatamodeld;
			sourceTree = "<group>";
			versionGroupType = wrapper.xcdatamodel;
		};
/* End XCVersionGroup section */
	};
	rootObject = C89129FF1ABACC9100BFB500 /* Project object */;
}
