// !$*UTF8*$!
{
	archiveVersion = 1;
	classes = {
	};
	objectVersion = 46;
	objects = {

/* Begin PBXBuildFile section */
		C84A55021AE83DA000233181 /* AppDelegate.swift in Sources */ = {isa = PBXBuildFile; fileRef = C84A55011AE83DA000233181 /* AppDelegate.swift */; };
		C84A55051AE83DA000233181 /* MusiFind.xcdatamodeld in Sources */ = {isa = PBXBuildFile; fileRef = C84A55031AE83DA000233181 /* MusiFind.xcdatamodeld */; };
		C84A55071AE83DA000233181 /* ViewController.swift in Sources */ = {isa = PBXBuildFile; fileRef = C84A55061AE83DA000233181 /* ViewController.swift */; };
		C84A550A1AE83DA000233181 /* Main.storyboard in Resources */ = {isa = PBXBuildFile; fileRef = C84A55081AE83DA000233181 /* Main.storyboard */; };
		C84A550C1AE83DA000233181 /* Images.xcassets in Resources */ = {isa = PBXBuildFile; fileRef = C84A550B1AE83DA000233181 /* Images.xcassets */; };
		C84A550F1AE83DA000233181 /* LaunchScreen.xib in Resources */ = {isa = PBXBuildFile; fileRef = C84A550D1AE83DA000233181 /* LaunchScreen.xib */; };
		C84A551B1AE83DA000233181 /* MusiFindTests.swift in Sources */ = {isa = PBXBuildFile; fileRef = C84A551A1AE83DA000233181 /* MusiFindTests.swift */; };
		C84A55251AE83F3600233181 /* ProfileViewController.swift in Sources */ = {isa = PBXBuildFile; fileRef = C84A55241AE83F3600233181 /* ProfileViewController.swift */; };
		C84A55271AE83F5C00233181 /* EditViewController.swift in Sources */ = {isa = PBXBuildFile; fileRef = C84A55261AE83F5C00233181 /* EditViewController.swift */; };
		C84A55291AE83FB000233181 /* Model.swift in Sources */ = {isa = PBXBuildFile; fileRef = C84A55281AE83FB000233181 /* Model.swift */; };
		C84A552B1AE8479200233181 /* avatar.png in Resources */ = {isa = PBXBuildFile; fileRef = C84A552A1AE8479200233181 /* avatar.png */; };
/* End PBXBuildFile section */

/* Begin PBXContainerItemProxy section */
		C84A55151AE83DA000233181 /* PBXContainerItemProxy */ = {
			isa = PBXContainerItemProxy;
			containerPortal = C84A54F41AE83D9F00233181 /* Project object */;
			proxyType = 1;
			remoteGlobalIDString = C84A54FB1AE83DA000233181;
			remoteInfo = MusiFind;
		};
/* End PBXContainerItemProxy section */

/* Begin PBXFileReference section */
		C84A54FC1AE83DA000233181 /* MusiFind.app */ = {isa = PBXFileReference; explicitFileType = wrapper.application; includeInIndex = 0; path = MusiFind.app; sourceTree = BUILT_PRODUCTS_DIR; };
		C84A55001AE83DA000233181 /* Info.plist */ = {isa = PBXFileReference; lastKnownFileType = text.plist.xml; path = Info.plist; sourceTree = "<group>"; };
		C84A55011AE83DA000233181 /* AppDelegate.swift */ = {isa = PBXFileReference; lastKnownFileType = sourcecode.swift; path = AppDelegate.swift; sourceTree = "<group>"; };
		C84A55041AE83DA000233181 /* MusiFind.xcdatamodel */ = {isa = PBXFileReference; lastKnownFileType = wrapper.xcdatamodel; path = MusiFind.xcdatamodel; sourceTree = "<group>"; };
		C84A55061AE83DA000233181 /* ViewController.swift */ = {isa = PBXFileReference; lastKnownFileType = sourcecode.swift; path = ViewController.swift; sourceTree = "<group>"; };
		C84A55091AE83DA000233181 /* Base */ = {isa = PBXFileReference; lastKnownFileType = file.storyboard; name = Base; path = Base.lproj/Main.storyboard; sourceTree = "<group>"; };
		C84A550B1AE83DA000233181 /* Images.xcassets */ = {isa = PBXFileReference; lastKnownFileType = folder.assetcatalog; path = Images.xcassets; sourceTree = "<group>"; };
		C84A550E1AE83DA000233181 /* Base */ = {isa = PBXFileReference; lastKnownFileType = file.xib; name = Base; path = Base.lproj/LaunchScreen.xib; sourceTree = "<group>"; };
		C84A55141AE83DA000233181 /* MusiFindTests.xctest */ = {isa = PBXFileReference; explicitFileType = wrapper.cfbundle; includeInIndex = 0; path = MusiFindTests.xctest; sourceTree = BUILT_PRODUCTS_DIR; };
		C84A55191AE83DA000233181 /* Info.plist */ = {isa = PBXFileReference; lastKnownFileType = text.plist.xml; path = Info.plist; sourceTree = "<group>"; };
		C84A551A1AE83DA000233181 /* MusiFindTests.swift */ = {isa = PBXFileReference; lastKnownFileType = sourcecode.swift; path = MusiFindTests.swift; sourceTree = "<group>"; };
		C84A55241AE83F3600233181 /* ProfileViewController.swift */ = {isa = PBXFileReference; fileEncoding = 4; lastKnownFileType = sourcecode.swift; path = ProfileViewController.swift; sourceTree = "<group>"; };
		C84A55261AE83F5C00233181 /* EditViewController.swift */ = {isa = PBXFileReference; fileEncoding = 4; lastKnownFileType = sourcecode.swift; path = EditViewController.swift; sourceTree = "<group>"; };
		C84A55281AE83FB000233181 /* Model.swift */ = {isa = PBXFileReference; fileEncoding = 4; lastKnownFileType = sourcecode.swift; path = Model.swift; sourceTree = "<group>"; };
		C84A552A1AE8479200233181 /* avatar.png */ = {isa = PBXFileReference; lastKnownFileType = image.png; path = avatar.png; sourceTree = "<group>"; };
/* End PBXFileReference section */

/* Begin PBXFrameworksBuildPhase section */
		C84A54F91AE83DA000233181 /* Frameworks */ = {
			isa = PBXFrameworksBuildPhase;
			buildActionMask = 2147483647;
			files = (
			);
			runOnlyForDeploymentPostprocessing = 0;
		};
		C84A55111AE83DA000233181 /* Frameworks */ = {
			isa = PBXFrameworksBuildPhase;
			buildActionMask = 2147483647;
			files = (
			);
			runOnlyForDeploymentPostprocessing = 0;
		};
/* End PBXFrameworksBuildPhase section */

/* Begin PBXGroup section */
		C84A54F31AE83D9F00233181 = {
			isa = PBXGroup;
			children = (
				C84A54FE1AE83DA000233181 /* MusiFind */,
				C84A55171AE83DA000233181 /* MusiFindTests */,
				C84A54FD1AE83DA000233181 /* Products */,
			);
			sourceTree = "<group>";
		};
		C84A54FD1AE83DA000233181 /* Products */ = {
			isa = PBXGroup;
			children = (
				C84A54FC1AE83DA000233181 /* MusiFind.app */,
				C84A55141AE83DA000233181 /* MusiFindTests.xctest */,
			);
			name = Products;
			sourceTree = "<group>";
		};
		C84A54FE1AE83DA000233181 /* MusiFind */ = {
			isa = PBXGroup;
			children = (
				C84A55011AE83DA000233181 /* AppDelegate.swift */,
				C84A55281AE83FB000233181 /* Model.swift */,
				C84A55261AE83F5C00233181 /* EditViewController.swift */,
				C84A55241AE83F3600233181 /* ProfileViewController.swift */,
				C84A55061AE83DA000233181 /* ViewController.swift */,
				C84A55081AE83DA000233181 /* Main.storyboard */,
				C84A550B1AE83DA000233181 /* Images.xcassets */,
				C84A550D1AE83DA000233181 /* LaunchScreen.xib */,
				C84A55031AE83DA000233181 /* MusiFind.xcdatamodeld */,
				C84A54FF1AE83DA000233181 /* Supporting Files */,
			);
			path = MusiFind;
			sourceTree = "<group>";
		};
		C84A54FF1AE83DA000233181 /* Supporting Files */ = {
			isa = PBXGroup;
			children = (
				C84A552A1AE8479200233181 /* avatar.png */,
				C84A55001AE83DA000233181 /* Info.plist */,
			);
			name = "Supporting Files";
			sourceTree = "<group>";
		};
		C84A55171AE83DA000233181 /* MusiFindTests */ = {
			isa = PBXGroup;
			children = (
				C84A551A1AE83DA000233181 /* MusiFindTests.swift */,
				C84A55181AE83DA000233181 /* Supporting Files */,
			);
			path = MusiFindTests;
			sourceTree = "<group>";
		};
		C84A55181AE83DA000233181 /* Supporting Files */ = {
			isa = PBXGroup;
			children = (
				C84A55191AE83DA000233181 /* Info.plist */,
			);
			name = "Supporting Files";
			sourceTree = "<group>";
		};
/* End PBXGroup section */

/* Begin PBXNativeTarget section */
		C84A54FB1AE83DA000233181 /* MusiFind */ = {
			isa = PBXNativeTarget;
			buildConfigurationList = C84A551E1AE83DA000233181 /* Build configuration list for PBXNativeTarget "MusiFind" */;
			buildPhases = (
				C84A54F81AE83DA000233181 /* Sources */,
				C84A54F91AE83DA000233181 /* Frameworks */,
				C84A54FA1AE83DA000233181 /* Resources */,
			);
			buildRules = (
			);
			dependencies = (
			);
			name = MusiFind;
			productName = MusiFind;
			productReference = C84A54FC1AE83DA000233181 /* MusiFind.app */;
			productType = "com.apple.product-type.application";
		};
		C84A55131AE83DA000233181 /* MusiFindTests */ = {
			isa = PBXNativeTarget;
			buildConfigurationList = C84A55211AE83DA000233181 /* Build configuration list for PBXNativeTarget "MusiFindTests" */;
			buildPhases = (
				C84A55101AE83DA000233181 /* Sources */,
				C84A55111AE83DA000233181 /* Frameworks */,
				C84A55121AE83DA000233181 /* Resources */,
			);
			buildRules = (
			);
			dependencies = (
				C84A55161AE83DA000233181 /* PBXTargetDependency */,
			);
			name = MusiFindTests;
			productName = MusiFindTests;
			productReference = C84A55141AE83DA000233181 /* MusiFindTests.xctest */;
			productType = "com.apple.product-type.bundle.unit-test";
		};
/* End PBXNativeTarget section */

/* Begin PBXProject section */
		C84A54F41AE83D9F00233181 /* Project object */ = {
			isa = PBXProject;
			attributes = {
				LastUpgradeCheck = 0610;
				ORGANIZATIONNAME = "Joost van Bergen";
				TargetAttributes = {
					C84A54FB1AE83DA000233181 = {
						CreatedOnToolsVersion = 6.1.1;
					};
					C84A55131AE83DA000233181 = {
						CreatedOnToolsVersion = 6.1.1;
						TestTargetID = C84A54FB1AE83DA000233181;
					};
				};
			};
			buildConfigurationList = C84A54F71AE83D9F00233181 /* Build configuration list for PBXProject "MusiFind" */;
			compatibilityVersion = "Xcode 3.2";
			developmentRegion = English;
			hasScannedForEncodings = 0;
			knownRegions = (
				en,
				Base,
			);
			mainGroup = C84A54F31AE83D9F00233181;
			productRefGroup = C84A54FD1AE83DA000233181 /* Products */;
			projectDirPath = "";
			projectRoot = "";
			targets = (
				C84A54FB1AE83DA000233181 /* MusiFind */,
				C84A55131AE83DA000233181 /* MusiFindTests */,
			);
		};
/* End PBXProject section */

/* Begin PBXResourcesBuildPhase section */
		C84A54FA1AE83DA000233181 /* Resources */ = {
			isa = PBXResourcesBuildPhase;
			buildActionMask = 2147483647;
			files = (
				C84A552B1AE8479200233181 /* avatar.png in Resources */,
				C84A550A1AE83DA000233181 /* Main.storyboard in Resources */,
				C84A550F1AE83DA000233181 /* LaunchScreen.xib in Resources */,
				C84A550C1AE83DA000233181 /* Images.xcassets in Resources */,
			);
			runOnlyForDeploymentPostprocessing = 0;
		};
		C84A55121AE83DA000233181 /* Resources */ = {
			isa = PBXResourcesBuildPhase;
			buildActionMask = 2147483647;
			files = (
			);
			runOnlyForDeploymentPostprocessing = 0;
		};
/* End PBXResourcesBuildPhase section */

/* Begin PBXSourcesBuildPhase section */
		C84A54F81AE83DA000233181 /* Sources */ = {
			isa = PBXSourcesBuildPhase;
			buildActionMask = 2147483647;
			files = (
				C84A55271AE83F5C00233181 /* EditViewController.swift in Sources */,
				C84A55071AE83DA000233181 /* ViewController.swift in Sources */,
				C84A55051AE83DA000233181 /* MusiFind.xcdatamodeld in Sources */,
				C84A55291AE83FB000233181 /* Model.swift in Sources */,
				C84A55251AE83F3600233181 /* ProfileViewController.swift in Sources */,
				C84A55021AE83DA000233181 /* AppDelegate.swift in Sources */,
			);
			runOnlyForDeploymentPostprocessing = 0;
		};
		C84A55101AE83DA000233181 /* Sources */ = {
			isa = PBXSourcesBuildPhase;
			buildActionMask = 2147483647;
			files = (
				C84A551B1AE83DA000233181 /* MusiFindTests.swift in Sources */,
			);
			runOnlyForDeploymentPostprocessing = 0;
		};
/* End PBXSourcesBuildPhase section */

/* Begin PBXTargetDependency section */
		C84A55161AE83DA000233181 /* PBXTargetDependency */ = {
			isa = PBXTargetDependency;
			target = C84A54FB1AE83DA000233181 /* MusiFind */;
			targetProxy = C84A55151AE83DA000233181 /* PBXContainerItemProxy */;
		};
/* End PBXTargetDependency section */

/* Begin PBXVariantGroup section */
		C84A55081AE83DA000233181 /* Main.storyboard */ = {
			isa = PBXVariantGroup;
			children = (
				C84A55091AE83DA000233181 /* Base */,
			);
			name = Main.storyboard;
			sourceTree = "<group>";
		};
		C84A550D1AE83DA000233181 /* LaunchScreen.xib */ = {
			isa = PBXVariantGroup;
			children = (
				C84A550E1AE83DA000233181 /* Base */,
			);
			name = LaunchScreen.xib;
			sourceTree = "<group>";
		};
/* End PBXVariantGroup section */

/* Begin XCBuildConfiguration section */
		C84A551C1AE83DA000233181 /* Debug */ = {
			isa = XCBuildConfiguration;
			buildSettings = {
				ALWAYS_SEARCH_USER_PATHS = NO;
				CLANG_CXX_LANGUAGE_STANDARD = "gnu++0x";
				CLANG_CXX_LIBRARY = "libc++";
				CLANG_ENABLE_MODULES = YES;
				CLANG_ENABLE_OBJC_ARC = YES;
				CLANG_WARN_BOOL_CONVERSION = YES;
				CLANG_WARN_CONSTANT_CONVERSION = YES;
				CLANG_WARN_DIRECT_OBJC_ISA_USAGE = YES_ERROR;
				CLANG_WARN_EMPTY_BODY = YES;
				CLANG_WARN_ENUM_CONVERSION = YES;
				CLANG_WARN_INT_CONVERSION = YES;
				CLANG_WARN_OBJC_ROOT_CLASS = YES_ERROR;
				CLANG_WARN_UNREACHABLE_CODE = YES;
				CLANG_WARN__DUPLICATE_METHOD_MATCH = YES;
				"CODE_SIGN_IDENTITY[sdk=iphoneos*]" = "iPhone Developer";
				COPY_PHASE_STRIP = NO;
				ENABLE_STRICT_OBJC_MSGSEND = YES;
				GCC_C_LANGUAGE_STANDARD = gnu99;
				GCC_DYNAMIC_NO_PIC = NO;
				GCC_OPTIMIZATION_LEVEL = 0;
				GCC_PREPROCESSOR_DEFINITIONS = (
					"DEBUG=1",
					"$(inherited)",
				);
				GCC_SYMBOLS_PRIVATE_EXTERN = NO;
				GCC_WARN_64_TO_32_BIT_CONVERSION = YES;
				GCC_WARN_ABOUT_RETURN_TYPE = YES_ERROR;
				GCC_WARN_UNDECLARED_SELECTOR = YES;
				GCC_WARN_UNINITIALIZED_AUTOS = YES_AGGRESSIVE;
				GCC_WARN_UNUSED_FUNCTION = YES;
				GCC_WARN_UNUSED_VARIABLE = YES;
				IPHONEOS_DEPLOYMENT_TARGET = 8.1;
				MTL_ENABLE_DEBUG_INFO = YES;
				ONLY_ACTIVE_ARCH = YES;
				SDKROOT = iphoneos;
				SWIFT_OPTIMIZATION_LEVEL = "-Onone";
			};
			name = Debug;
		};
		C84A551D1AE83DA000233181 /* Release */ = {
			isa = XCBuildConfiguration;
			buildSettings = {
				ALWAYS_SEARCH_USER_PATHS = NO;
				CLANG_CXX_LANGUAGE_STANDARD = "gnu++0x";
				CLANG_CXX_LIBRARY = "libc++";
				CLANG_ENABLE_MODULES = YES;
				CLANG_ENABLE_OBJC_ARC = YES;
				CLANG_WARN_BOOL_CONVERSION = YES;
				CLANG_WARN_CONSTANT_CONVERSION = YES;
				CLANG_WARN_DIRECT_OBJC_ISA_USAGE = YES_ERROR;
				CLANG_WARN_EMPTY_BODY = YES;
				CLANG_WARN_ENUM_CONVERSION = YES;
				CLANG_WARN_INT_CONVERSION = YES;
				CLANG_WARN_OBJC_ROOT_CLASS = YES_ERROR;
				CLANG_WARN_UNREACHABLE_CODE = YES;
				CLANG_WARN__DUPLICATE_METHOD_MATCH = YES;
				"CODE_SIGN_IDENTITY[sdk=iphoneos*]" = "iPhone Developer";
				COPY_PHASE_STRIP = YES;
				ENABLE_NS_ASSERTIONS = NO;
				ENABLE_STRICT_OBJC_MSGSEND = YES;
				GCC_C_LANGUAGE_STANDARD = gnu99;
				GCC_WARN_64_TO_32_BIT_CONVERSION = YES;
				GCC_WARN_ABOUT_RETURN_TYPE = YES_ERROR;
				GCC_WARN_UNDECLARED_SELECTOR = YES;
				GCC_WARN_UNINITIALIZED_AUTOS = YES_AGGRESSIVE;
				GCC_WARN_UNUSED_FUNCTION = YES;
				GCC_WARN_UNUSED_VARIABLE = YES;
				IPHONEOS_DEPLOYMENT_TARGET = 8.1;
				MTL_ENABLE_DEBUG_INFO = NO;
				SDKROOT = iphoneos;
				VALIDATE_PRODUCT = YES;
			};
			name = Release;
		};
		C84A551F1AE83DA000233181 /* Debug */ = {
			isa = XCBuildConfiguration;
			buildSettings = {
				ASSETCATALOG_COMPILER_APPICON_NAME = AppIcon;
				INFOPLIST_FILE = MusiFind/Info.plist;
				LD_RUNPATH_SEARCH_PATHS = "$(inherited) @executable_path/Frameworks";
				PRODUCT_NAME = "$(TARGET_NAME)";
			};
			name = Debug;
		};
		C84A55201AE83DA000233181 /* Release */ = {
			isa = XCBuildConfiguration;
			buildSettings = {
				ASSETCATALOG_COMPILER_APPICON_NAME = AppIcon;
				INFOPLIST_FILE = MusiFind/Info.plist;
				LD_RUNPATH_SEARCH_PATHS = "$(inherited) @executable_path/Frameworks";
				PRODUCT_NAME = "$(TARGET_NAME)";
			};
			name = Release;
		};
		C84A55221AE83DA000233181 /* Debug */ = {
			isa = XCBuildConfiguration;
			buildSettings = {
				BUNDLE_LOADER = "$(TEST_HOST)";
				FRAMEWORK_SEARCH_PATHS = (
					"$(SDKROOT)/Developer/Library/Frameworks",
					"$(inherited)",
				);
				GCC_PREPROCESSOR_DEFINITIONS = (
					"DEBUG=1",
					"$(inherited)",
				);
				INFOPLIST_FILE = MusiFindTests/Info.plist;
				LD_RUNPATH_SEARCH_PATHS = "$(inherited) @executable_path/Frameworks @loader_path/Frameworks";
				PRODUCT_NAME = "$(TARGET_NAME)";
				TEST_HOST = "$(BUILT_PRODUCTS_DIR)/MusiFind.app/MusiFind";
			};
			name = Debug;
		};
		C84A55231AE83DA000233181 /* Release */ = {
			isa = XCBuildConfiguration;
			buildSettings = {
				BUNDLE_LOADER = "$(TEST_HOST)";
				FRAMEWORK_SEARCH_PATHS = (
					"$(SDKROOT)/Developer/Library/Frameworks",
					"$(inherited)",
				);
				INFOPLIST_FILE = MusiFindTests/Info.plist;
				LD_RUNPATH_SEARCH_PATHS = "$(inherited) @executable_path/Frameworks @loader_path/Frameworks";
				PRODUCT_NAME = "$(TARGET_NAME)";
				TEST_HOST = "$(BUILT_PRODUCTS_DIR)/MusiFind.app/MusiFind";
			};
			name = Release;
		};
/* End XCBuildConfiguration section */

/* Begin XCConfigurationList section */
		C84A54F71AE83D9F00233181 /* Build configuration list for PBXProject "MusiFind" */ = {
			isa = XCConfigurationList;
			buildConfigurations = (
				C84A551C1AE83DA000233181 /* Debug */,
				C84A551D1AE83DA000233181 /* Release */,
			);
			defaultConfigurationIsVisible = 0;
			defaultConfigurationName = Release;
		};
		C84A551E1AE83DA000233181 /* Build configuration list for PBXNativeTarget "MusiFind" */ = {
			isa = XCConfigurationList;
			buildConfigurations = (
				C84A551F1AE83DA000233181 /* Debug */,
				C84A55201AE83DA000233181 /* Release */,
			);
			defaultConfigurationIsVisible = 0;
			defaultConfigurationName = Release;
		};
		C84A55211AE83DA000233181 /* Build configuration list for PBXNativeTarget "MusiFindTests" */ = {
			isa = XCConfigurationList;
			buildConfigurations = (
				C84A55221AE83DA000233181 /* Debug */,
				C84A55231AE83DA000233181 /* Release */,
			);
			defaultConfigurationIsVisible = 0;
			defaultConfigurationName = Release;
		};
/* End XCConfigurationList section */

/* Begin XCVersionGroup section */
		C84A55031AE83DA000233181 /* MusiFind.xcdatamodeld */ = {
			isa = XCVersionGroup;
			children = (
				C84A55041AE83DA000233181 /* MusiFind.xcdatamodel */,
			);
			currentVersion = C84A55041AE83DA000233181 /* MusiFind.xcdatamodel */;
			path = MusiFind.xcdatamodeld;
			sourceTree = "<group>";
			versionGroupType = wrapper.xcdatamodel;
		};
/* End XCVersionGroup section */
	};
	rootObject = C84A54F41AE83D9F00233181 /* Project object */;
}
