// !$*UTF8*$!
{
	archiveVersion = 1;
	classes = {
	};
	objectVersion = 46;
	objects = {

/* Begin PBXBuildFile section */
		C85017A11ADFBF2500B293F5 /* AppDelegate.swift in Sources */ = {isa = PBXBuildFile; fileRef = C85017A01ADFBF2500B293F5 /* AppDelegate.swift */; };
		C85017A41ADFBF2500B293F5 /* MusiFind_Profile.xcdatamodeld in Sources */ = {isa = PBXBuildFile; fileRef = C85017A21ADFBF2500B293F5 /* MusiFind_Profile.xcdatamodeld */; };
		C85017A61ADFBF2500B293F5 /* ViewController.swift in Sources */ = {isa = PBXBuildFile; fileRef = C85017A51ADFBF2500B293F5 /* ViewController.swift */; };
		C85017A91ADFBF2500B293F5 /* Main.storyboard in Resources */ = {isa = PBXBuildFile; fileRef = C85017A71ADFBF2500B293F5 /* Main.storyboard */; };
		C85017AB1ADFBF2500B293F5 /* Images.xcassets in Resources */ = {isa = PBXBuildFile; fileRef = C85017AA1ADFBF2500B293F5 /* Images.xcassets */; };
		C85017AE1ADFBF2500B293F5 /* LaunchScreen.xib in Resources */ = {isa = PBXBuildFile; fileRef = C85017AC1ADFBF2500B293F5 /* LaunchScreen.xib */; };
		C85017BA1ADFBF2500B293F5 /* MusiFind_ProfileTests.swift in Sources */ = {isa = PBXBuildFile; fileRef = C85017B91ADFBF2500B293F5 /* MusiFind_ProfileTests.swift */; };
		C85017C41ADFC01200B293F5 /* avatar.jpg in Resources */ = {isa = PBXBuildFile; fileRef = C85017C31ADFC01200B293F5 /* avatar.jpg */; };
		C85017C81ADFC4D000B293F5 /* EditViewController.swift in Sources */ = {isa = PBXBuildFile; fileRef = C85017C71ADFC4D000B293F5 /* EditViewController.swift */; };
/* End PBXBuildFile section */

/* Begin PBXContainerItemProxy section */
		C85017B41ADFBF2500B293F5 /* PBXContainerItemProxy */ = {
			isa = PBXContainerItemProxy;
			containerPortal = C85017931ADFBF2500B293F5 /* Project object */;
			proxyType = 1;
			remoteGlobalIDString = C850179A1ADFBF2500B293F5;
			remoteInfo = "MusiFind Profile";
		};
/* End PBXContainerItemProxy section */

/* Begin PBXFileReference section */
		C850179B1ADFBF2500B293F5 /* MusiFind Profile.app */ = {isa = PBXFileReference; explicitFileType = wrapper.application; includeInIndex = 0; path = "MusiFind Profile.app"; sourceTree = BUILT_PRODUCTS_DIR; };
		C850179F1ADFBF2500B293F5 /* Info.plist */ = {isa = PBXFileReference; lastKnownFileType = text.plist.xml; path = Info.plist; sourceTree = "<group>"; };
		C85017A01ADFBF2500B293F5 /* AppDelegate.swift */ = {isa = PBXFileReference; lastKnownFileType = sourcecode.swift; path = AppDelegate.swift; sourceTree = "<group>"; };
		C85017A31ADFBF2500B293F5 /* MusiFind_Profile.xcdatamodel */ = {isa = PBXFileReference; lastKnownFileType = wrapper.xcdatamodel; path = MusiFind_Profile.xcdatamodel; sourceTree = "<group>"; };
		C85017A51ADFBF2500B293F5 /* ViewController.swift */ = {isa = PBXFileReference; lastKnownFileType = sourcecode.swift; path = ViewController.swift; sourceTree = "<group>"; };
		C85017A81ADFBF2500B293F5 /* Base */ = {isa = PBXFileReference; lastKnownFileType = file.storyboard; name = Base; path = Base.lproj/Main.storyboard; sourceTree = "<group>"; };
		C85017AA1ADFBF2500B293F5 /* Images.xcassets */ = {isa = PBXFileReference; lastKnownFileType = folder.assetcatalog; path = Images.xcassets; sourceTree = "<group>"; };
		C85017AD1ADFBF2500B293F5 /* Base */ = {isa = PBXFileReference; lastKnownFileType = file.xib; name = Base; path = Base.lproj/LaunchScreen.xib; sourceTree = "<group>"; };
		C85017B31ADFBF2500B293F5 /* MusiFind ProfileTests.xctest */ = {isa = PBXFileReference; explicitFileType = wrapper.cfbundle; includeInIndex = 0; path = "MusiFind ProfileTests.xctest"; sourceTree = BUILT_PRODUCTS_DIR; };
		C85017B81ADFBF2500B293F5 /* Info.plist */ = {isa = PBXFileReference; lastKnownFileType = text.plist.xml; path = Info.plist; sourceTree = "<group>"; };
		C85017B91ADFBF2500B293F5 /* MusiFind_ProfileTests.swift */ = {isa = PBXFileReference; lastKnownFileType = sourcecode.swift; path = MusiFind_ProfileTests.swift; sourceTree = "<group>"; };
		C85017C31ADFC01200B293F5 /* avatar.jpg */ = {isa = PBXFileReference; lastKnownFileType = image.jpeg; path = avatar.jpg; sourceTree = "<group>"; };
		C85017C71ADFC4D000B293F5 /* EditViewController.swift */ = {isa = PBXFileReference; fileEncoding = 4; lastKnownFileType = sourcecode.swift; path = EditViewController.swift; sourceTree = "<group>"; };
/* End PBXFileReference section */

/* Begin PBXFrameworksBuildPhase section */
		C85017981ADFBF2500B293F5 /* Frameworks */ = {
			isa = PBXFrameworksBuildPhase;
			buildActionMask = 2147483647;
			files = (
			);
			runOnlyForDeploymentPostprocessing = 0;
		};
		C85017B01ADFBF2500B293F5 /* Frameworks */ = {
			isa = PBXFrameworksBuildPhase;
			buildActionMask = 2147483647;
			files = (
			);
			runOnlyForDeploymentPostprocessing = 0;
		};
/* End PBXFrameworksBuildPhase section */

/* Begin PBXGroup section */
		C85017921ADFBF2500B293F5 = {
			isa = PBXGroup;
			children = (
				C850179D1ADFBF2500B293F5 /* MusiFind Profile */,
				C85017B61ADFBF2500B293F5 /* MusiFind ProfileTests */,
				C850179C1ADFBF2500B293F5 /* Products */,
			);
			sourceTree = "<group>";
		};
		C850179C1ADFBF2500B293F5 /* Products */ = {
			isa = PBXGroup;
			children = (
				C850179B1ADFBF2500B293F5 /* MusiFind Profile.app */,
				C85017B31ADFBF2500B293F5 /* MusiFind ProfileTests.xctest */,
			);
			name = Products;
			sourceTree = "<group>";
		};
		C850179D1ADFBF2500B293F5 /* MusiFind Profile */ = {
			isa = PBXGroup;
			children = (
				C85017A01ADFBF2500B293F5 /* AppDelegate.swift */,
				C85017C71ADFC4D000B293F5 /* EditViewController.swift */,
				C85017A51ADFBF2500B293F5 /* ViewController.swift */,
				C85017A71ADFBF2500B293F5 /* Main.storyboard */,
				C85017AA1ADFBF2500B293F5 /* Images.xcassets */,
				C85017AC1ADFBF2500B293F5 /* LaunchScreen.xib */,
				C85017A21ADFBF2500B293F5 /* MusiFind_Profile.xcdatamodeld */,
				C850179E1ADFBF2500B293F5 /* Supporting Files */,
			);
			path = "MusiFind Profile";
			sourceTree = "<group>";
		};
		C850179E1ADFBF2500B293F5 /* Supporting Files */ = {
			isa = PBXGroup;
			children = (
				C85017C31ADFC01200B293F5 /* avatar.jpg */,
				C850179F1ADFBF2500B293F5 /* Info.plist */,
			);
			name = "Supporting Files";
			sourceTree = "<group>";
		};
		C85017B61ADFBF2500B293F5 /* MusiFind ProfileTests */ = {
			isa = PBXGroup;
			children = (
				C85017B91ADFBF2500B293F5 /* MusiFind_ProfileTests.swift */,
				C85017B71ADFBF2500B293F5 /* Supporting Files */,
			);
			path = "MusiFind ProfileTests";
			sourceTree = "<group>";
		};
		C85017B71ADFBF2500B293F5 /* Supporting Files */ = {
			isa = PBXGroup;
			children = (
				C85017B81ADFBF2500B293F5 /* Info.plist */,
			);
			name = "Supporting Files";
			sourceTree = "<group>";
		};
/* End PBXGroup section */

/* Begin PBXNativeTarget section */
		C850179A1ADFBF2500B293F5 /* MusiFind Profile */ = {
			isa = PBXNativeTarget;
			buildConfigurationList = C85017BD1ADFBF2500B293F5 /* Build configuration list for PBXNativeTarget "MusiFind Profile" */;
			buildPhases = (
				C85017971ADFBF2500B293F5 /* Sources */,
				C85017981ADFBF2500B293F5 /* Frameworks */,
				C85017991ADFBF2500B293F5 /* Resources */,
			);
			buildRules = (
			);
			dependencies = (
			);
			name = "MusiFind Profile";
			productName = "MusiFind Profile";
			productReference = C850179B1ADFBF2500B293F5 /* MusiFind Profile.app */;
			productType = "com.apple.product-type.application";
		};
		C85017B21ADFBF2500B293F5 /* MusiFind ProfileTests */ = {
			isa = PBXNativeTarget;
			buildConfigurationList = C85017C01ADFBF2500B293F5 /* Build configuration list for PBXNativeTarget "MusiFind ProfileTests" */;
			buildPhases = (
				C85017AF1ADFBF2500B293F5 /* Sources */,
				C85017B01ADFBF2500B293F5 /* Frameworks */,
				C85017B11ADFBF2500B293F5 /* Resources */,
			);
			buildRules = (
			);
			dependencies = (
				C85017B51ADFBF2500B293F5 /* PBXTargetDependency */,
			);
			name = "MusiFind ProfileTests";
			productName = "MusiFind ProfileTests";
			productReference = C85017B31ADFBF2500B293F5 /* MusiFind ProfileTests.xctest */;
			productType = "com.apple.product-type.bundle.unit-test";
		};
/* End PBXNativeTarget section */

/* Begin PBXProject section */
		C85017931ADFBF2500B293F5 /* Project object */ = {
			isa = PBXProject;
			attributes = {
				LastUpgradeCheck = 0610;
				ORGANIZATIONNAME = "Joost van Bergen";
				TargetAttributes = {
					C850179A1ADFBF2500B293F5 = {
						CreatedOnToolsVersion = 6.1.1;
					};
					C85017B21ADFBF2500B293F5 = {
						CreatedOnToolsVersion = 6.1.1;
						TestTargetID = C850179A1ADFBF2500B293F5;
					};
				};
			};
			buildConfigurationList = C85017961ADFBF2500B293F5 /* Build configuration list for PBXProject "MusiFind Profile" */;
			compatibilityVersion = "Xcode 3.2";
			developmentRegion = English;
			hasScannedForEncodings = 0;
			knownRegions = (
				en,
				Base,
			);
			mainGroup = C85017921ADFBF2500B293F5;
			productRefGroup = C850179C1ADFBF2500B293F5 /* Products */;
			projectDirPath = "";
			projectRoot = "";
			targets = (
				C850179A1ADFBF2500B293F5 /* MusiFind Profile */,
				C85017B21ADFBF2500B293F5 /* MusiFind ProfileTests */,
			);
		};
/* End PBXProject section */

/* Begin PBXResourcesBuildPhase section */
		C85017991ADFBF2500B293F5 /* Resources */ = {
			isa = PBXResourcesBuildPhase;
			buildActionMask = 2147483647;
			files = (
				C85017C41ADFC01200B293F5 /* avatar.jpg in Resources */,
				C85017A91ADFBF2500B293F5 /* Main.storyboard in Resources */,
				C85017AE1ADFBF2500B293F5 /* LaunchScreen.xib in Resources */,
				C85017AB1ADFBF2500B293F5 /* Images.xcassets in Resources */,
			);
			runOnlyForDeploymentPostprocessing = 0;
		};
		C85017B11ADFBF2500B293F5 /* Resources */ = {
			isa = PBXResourcesBuildPhase;
			buildActionMask = 2147483647;
			files = (
			);
			runOnlyForDeploymentPostprocessing = 0;
		};
/* End PBXResourcesBuildPhase section */

/* Begin PBXSourcesBuildPhase section */
		C85017971ADFBF2500B293F5 /* Sources */ = {
			isa = PBXSourcesBuildPhase;
			buildActionMask = 2147483647;
			files = (
				C85017C81ADFC4D000B293F5 /* EditViewController.swift in Sources */,
				C85017A61ADFBF2500B293F5 /* ViewController.swift in Sources */,
				C85017A41ADFBF2500B293F5 /* MusiFind_Profile.xcdatamodeld in Sources */,
				C85017A11ADFBF2500B293F5 /* AppDelegate.swift in Sources */,
			);
			runOnlyForDeploymentPostprocessing = 0;
		};
		C85017AF1ADFBF2500B293F5 /* Sources */ = {
			isa = PBXSourcesBuildPhase;
			buildActionMask = 2147483647;
			files = (
				C85017BA1ADFBF2500B293F5 /* MusiFind_ProfileTests.swift in Sources */,
			);
			runOnlyForDeploymentPostprocessing = 0;
		};
/* End PBXSourcesBuildPhase section */

/* Begin PBXTargetDependency section */
		C85017B51ADFBF2500B293F5 /* PBXTargetDependency */ = {
			isa = PBXTargetDependency;
			target = C850179A1ADFBF2500B293F5 /* MusiFind Profile */;
			targetProxy = C85017B41ADFBF2500B293F5 /* PBXContainerItemProxy */;
		};
/* End PBXTargetDependency section */

/* Begin PBXVariantGroup section */
		C85017A71ADFBF2500B293F5 /* Main.storyboard */ = {
			isa = PBXVariantGroup;
			children = (
				C85017A81ADFBF2500B293F5 /* Base */,
			);
			name = Main.storyboard;
			sourceTree = "<group>";
		};
		C85017AC1ADFBF2500B293F5 /* LaunchScreen.xib */ = {
			isa = PBXVariantGroup;
			children = (
				C85017AD1ADFBF2500B293F5 /* Base */,
			);
			name = LaunchScreen.xib;
			sourceTree = "<group>";
		};
/* End PBXVariantGroup section */

/* Begin XCBuildConfiguration section */
		C85017BB1ADFBF2500B293F5 /* Debug */ = {
			isa = XCBuildConfiguration;
			buildSettings = {
				ALWAYS_SEARCH_USER_PATHS = NO;
				CLANG_CXX_LANGUAGE_STANDARD = "gnu++0x";
				CLANG_CXX_LIBRARY = "libc++";
				CLANG_ENABLE_MODULES = YES;
				CLANG_ENABLE_OBJC_ARC = YES;
				CLANG_WARN_BOOL_CONVERSION = YES;
				CLANG_WARN_CONSTANT_CONVERSION = YES;
				CLANG_WARN_DIRECT_OBJC_ISA_USAGE = YES_ERROR;
				CLANG_WARN_EMPTY_BODY = YES;
				CLANG_WARN_ENUM_CONVERSION = YES;
				CLANG_WARN_INT_CONVERSION = YES;
				CLANG_WARN_OBJC_ROOT_CLASS = YES_ERROR;
				CLANG_WARN_UNREACHABLE_CODE = YES;
				CLANG_WARN__DUPLICATE_METHOD_MATCH = YES;
				"CODE_SIGN_IDENTITY[sdk=iphoneos*]" = "iPhone Developer";
				COPY_PHASE_STRIP = NO;
				ENABLE_STRICT_OBJC_MSGSEND = YES;
				GCC_C_LANGUAGE_STANDARD = gnu99;
				GCC_DYNAMIC_NO_PIC = NO;
				GCC_OPTIMIZATION_LEVEL = 0;
				GCC_PREPROCESSOR_DEFINITIONS = (
					"DEBUG=1",
					"$(inherited)",
				);
				GCC_SYMBOLS_PRIVATE_EXTERN = NO;
				GCC_WARN_64_TO_32_BIT_CONVERSION = YES;
				GCC_WARN_ABOUT_RETURN_TYPE = YES_ERROR;
				GCC_WARN_UNDECLARED_SELECTOR = YES;
				GCC_WARN_UNINITIALIZED_AUTOS = YES_AGGRESSIVE;
				GCC_WARN_UNUSED_FUNCTION = YES;
				GCC_WARN_UNUSED_VARIABLE = YES;
				IPHONEOS_DEPLOYMENT_TARGET = 8.1;
				MTL_ENABLE_DEBUG_INFO = YES;
				ONLY_ACTIVE_ARCH = YES;
				SDKROOT = iphoneos;
				SWIFT_OPTIMIZATION_LEVEL = "-Onone";
			};
			name = Debug;
		};
		C85017BC1ADFBF2500B293F5 /* Release */ = {
			isa = XCBuildConfiguration;
			buildSettings = {
				ALWAYS_SEARCH_USER_PATHS = NO;
				CLANG_CXX_LANGUAGE_STANDARD = "gnu++0x";
				CLANG_CXX_LIBRARY = "libc++";
				CLANG_ENABLE_MODULES = YES;
				CLANG_ENABLE_OBJC_ARC = YES;
				CLANG_WARN_BOOL_CONVERSION = YES;
				CLANG_WARN_CONSTANT_CONVERSION = YES;
				CLANG_WARN_DIRECT_OBJC_ISA_USAGE = YES_ERROR;
				CLANG_WARN_EMPTY_BODY = YES;
				CLANG_WARN_ENUM_CONVERSION = YES;
				CLANG_WARN_INT_CONVERSION = YES;
				CLANG_WARN_OBJC_ROOT_CLASS = YES_ERROR;
				CLANG_WARN_UNREACHABLE_CODE = YES;
				CLANG_WARN__DUPLICATE_METHOD_MATCH = YES;
				"CODE_SIGN_IDENTITY[sdk=iphoneos*]" = "iPhone Developer";
				COPY_PHASE_STRIP = YES;
				ENABLE_NS_ASSERTIONS = NO;
				ENABLE_STRICT_OBJC_MSGSEND = YES;
				GCC_C_LANGUAGE_STANDARD = gnu99;
				GCC_WARN_64_TO_32_BIT_CONVERSION = YES;
				GCC_WARN_ABOUT_RETURN_TYPE = YES_ERROR;
				GCC_WARN_UNDECLARED_SELECTOR = YES;
				GCC_WARN_UNINITIALIZED_AUTOS = YES_AGGRESSIVE;
				GCC_WARN_UNUSED_FUNCTION = YES;
				GCC_WARN_UNUSED_VARIABLE = YES;
				IPHONEOS_DEPLOYMENT_TARGET = 8.1;
				MTL_ENABLE_DEBUG_INFO = NO;
				SDKROOT = iphoneos;
				VALIDATE_PRODUCT = YES;
			};
			name = Release;
		};
		C85017BE1ADFBF2500B293F5 /* Debug */ = {
			isa = XCBuildConfiguration;
			buildSettings = {
				ASSETCATALOG_COMPILER_APPICON_NAME = AppIcon;
				INFOPLIST_FILE = "MusiFind Profile/Info.plist";
				LD_RUNPATH_SEARCH_PATHS = "$(inherited) @executable_path/Frameworks";
				PRODUCT_NAME = "$(TARGET_NAME)";
			};
			name = Debug;
		};
		C85017BF1ADFBF2500B293F5 /* Release */ = {
			isa = XCBuildConfiguration;
			buildSettings = {
				ASSETCATALOG_COMPILER_APPICON_NAME = AppIcon;
				INFOPLIST_FILE = "MusiFind Profile/Info.plist";
				LD_RUNPATH_SEARCH_PATHS = "$(inherited) @executable_path/Frameworks";
				PRODUCT_NAME = "$(TARGET_NAME)";
			};
			name = Release;
		};
		C85017C11ADFBF2500B293F5 /* Debug */ = {
			isa = XCBuildConfiguration;
			buildSettings = {
				BUNDLE_LOADER = "$(TEST_HOST)";
				FRAMEWORK_SEARCH_PATHS = (
					"$(SDKROOT)/Developer/Library/Frameworks",
					"$(inherited)",
				);
				GCC_PREPROCESSOR_DEFINITIONS = (
					"DEBUG=1",
					"$(inherited)",
				);
				INFOPLIST_FILE = "MusiFind ProfileTests/Info.plist";
				LD_RUNPATH_SEARCH_PATHS = "$(inherited) @executable_path/Frameworks @loader_path/Frameworks";
				PRODUCT_NAME = "$(TARGET_NAME)";
				TEST_HOST = "$(BUILT_PRODUCTS_DIR)/MusiFind Profile.app/MusiFind Profile";
			};
			name = Debug;
		};
		C85017C21ADFBF2500B293F5 /* Release */ = {
			isa = XCBuildConfiguration;
			buildSettings = {
				BUNDLE_LOADER = "$(TEST_HOST)";
				FRAMEWORK_SEARCH_PATHS = (
					"$(SDKROOT)/Developer/Library/Frameworks",
					"$(inherited)",
				);
				INFOPLIST_FILE = "MusiFind ProfileTests/Info.plist";
				LD_RUNPATH_SEARCH_PATHS = "$(inherited) @executable_path/Frameworks @loader_path/Frameworks";
				PRODUCT_NAME = "$(TARGET_NAME)";
				TEST_HOST = "$(BUILT_PRODUCTS_DIR)/MusiFind Profile.app/MusiFind Profile";
			};
			name = Release;
		};
/* End XCBuildConfiguration section */

/* Begin XCConfigurationList section */
		C85017961ADFBF2500B293F5 /* Build configuration list for PBXProject "MusiFind Profile" */ = {
			isa = XCConfigurationList;
			buildConfigurations = (
				C85017BB1ADFBF2500B293F5 /* Debug */,
				C85017BC1ADFBF2500B293F5 /* Release */,
			);
			defaultConfigurationIsVisible = 0;
			defaultConfigurationName = Release;
		};
		C85017BD1ADFBF2500B293F5 /* Build configuration list for PBXNativeTarget "MusiFind Profile" */ = {
			isa = XCConfigurationList;
			buildConfigurations = (
				C85017BE1ADFBF2500B293F5 /* Debug */,
				C85017BF1ADFBF2500B293F5 /* Release */,
			);
			defaultConfigurationIsVisible = 0;
		};
		C85017C01ADFBF2500B293F5 /* Build configuration list for PBXNativeTarget "MusiFind ProfileTests" */ = {
			isa = XCConfigurationList;
			buildConfigurations = (
				C85017C11ADFBF2500B293F5 /* Debug */,
				C85017C21ADFBF2500B293F5 /* Release */,
			);
			defaultConfigurationIsVisible = 0;
		};
/* End XCConfigurationList section */

/* Begin XCVersionGroup section */
		C85017A21ADFBF2500B293F5 /* MusiFind_Profile.xcdatamodeld */ = {
			isa = XCVersionGroup;
			children = (
				C85017A31ADFBF2500B293F5 /* MusiFind_Profile.xcdatamodel */,
			);
			currentVersion = C85017A31ADFBF2500B293F5 /* MusiFind_Profile.xcdatamodel */;
			path = MusiFind_Profile.xcdatamodeld;
			sourceTree = "<group>";
			versionGroupType = wrapper.xcdatamodel;
		};
/* End XCVersionGroup section */
	};
	rootObject = C85017931ADFBF2500B293F5 /* Project object */;
}
