// !$*UTF8*$!
{
	archiveVersion = 1;
	classes = {
	};
	objectVersion = 46;
	objects = {

/* Begin PBXBuildFile section */
		C85140281AA84F94000D17A6 /* main.swift in Sources */ = {isa = PBXBuildFile; fileRef = C85140271AA84F94000D17A6 /* main.swift */; };
		C851402F1AA85003000D17A6 /* Glowact.swift in Sources */ = {isa = PBXBuildFile; fileRef = C851402E1AA85003000D17A6 /* Glowact.swift */; };
		C85140311AA85011000D17A6 /* City.swift in Sources */ = {isa = PBXBuildFile; fileRef = C85140301AA85011000D17A6 /* City.swift */; };
/* End PBXBuildFile section */

/* Begin PBXCopyFilesBuildPhase section */
		C85140221AA84F94000D17A6 /* CopyFiles */ = {
			isa = PBXCopyFilesBuildPhase;
			buildActionMask = 2147483647;
			dstPath = /usr/share/man/man1/;
			dstSubfolderSpec = 0;
			files = (
			);
			runOnlyForDeploymentPostprocessing = 1;
		};
/* End PBXCopyFilesBuildPhase section */

/* Begin PBXFileReference section */
		C85140241AA84F94000D17A6 /* Hellglow World */ = {isa = PBXFileReference; explicitFileType = "compiled.mach-o.executable"; includeInIndex = 0; path = "Hellglow World"; sourceTree = BUILT_PRODUCTS_DIR; };
		C85140271AA84F94000D17A6 /* main.swift */ = {isa = PBXFileReference; lastKnownFileType = sourcecode.swift; path = main.swift; sourceTree = "<group>"; };
		C851402E1AA85003000D17A6 /* Glowact.swift */ = {isa = PBXFileReference; fileEncoding = 4; lastKnownFileType = sourcecode.swift; path = Glowact.swift; sourceTree = "<group>"; };
		C85140301AA85011000D17A6 /* City.swift */ = {isa = PBXFileReference; fileEncoding = 4; lastKnownFileType = sourcecode.swift; path = City.swift; sourceTree = "<group>"; };
/* End PBXFileReference section */

/* Begin PBXFrameworksBuildPhase section */
		C85140211AA84F94000D17A6 /* Frameworks */ = {
			isa = PBXFrameworksBuildPhase;
			buildActionMask = 2147483647;
			files = (
			);
			runOnlyForDeploymentPostprocessing = 0;
		};
/* End PBXFrameworksBuildPhase section */

/* Begin PBXGroup section */
		C851401B1AA84F94000D17A6 = {
			isa = PBXGroup;
			children = (
				C85140261AA84F94000D17A6 /* Hellglow World */,
				C85140251AA84F94000D17A6 /* Products */,
			);
			sourceTree = "<group>";
		};
		C85140251AA84F94000D17A6 /* Products */ = {
			isa = PBXGroup;
			children = (
				C85140241AA84F94000D17A6 /* Hellglow World */,
			);
			name = Products;
			sourceTree = "<group>";
		};
		C85140261AA84F94000D17A6 /* Hellglow World */ = {
			isa = PBXGroup;
			children = (
				C85140271AA84F94000D17A6 /* main.swift */,
				C851402E1AA85003000D17A6 /* Glowact.swift */,
				C85140301AA85011000D17A6 /* City.swift */,
			);
			path = "Hellglow World";
			sourceTree = "<group>";
		};
/* End PBXGroup section */

/* Begin PBXNativeTarget section */
		C85140231AA84F94000D17A6 /* Hellglow World */ = {
			isa = PBXNativeTarget;
			buildConfigurationList = C851402B1AA84F94000D17A6 /* Build configuration list for PBXNativeTarget "Hellglow World" */;
			buildPhases = (
				C85140201AA84F94000D17A6 /* Sources */,
				C85140211AA84F94000D17A6 /* Frameworks */,
				C85140221AA84F94000D17A6 /* CopyFiles */,
			);
			buildRules = (
			);
			dependencies = (
			);
			name = "Hellglow World";
			productName = "Hellglow World";
			productReference = C85140241AA84F94000D17A6 /* Hellglow World */;
			productType = "com.apple.product-type.tool";
		};
/* End PBXNativeTarget section */

/* Begin PBXProject section */
		C851401C1AA84F94000D17A6 /* Project object */ = {
			isa = PBXProject;
			attributes = {
				LastUpgradeCheck = 0610;
				ORGANIZATIONNAME = "Joost van Bergen";
				TargetAttributes = {
					C85140231AA84F94000D17A6 = {
						CreatedOnToolsVersion = 6.1.1;
					};
				};
			};
			buildConfigurationList = C851401F1AA84F94000D17A6 /* Build configuration list for PBXProject "Hellglow World" */;
			compatibilityVersion = "Xcode 3.2";
			developmentRegion = English;
			hasScannedForEncodings = 0;
			knownRegions = (
				en,
			);
			mainGroup = C851401B1AA84F94000D17A6;
			productRefGroup = C85140251AA84F94000D17A6 /* Products */;
			projectDirPath = "";
			projectRoot = "";
			targets = (
				C85140231AA84F94000D17A6 /* Hellglow World */,
			);
		};
/* End PBXProject section */

/* Begin PBXSourcesBuildPhase section */
		C85140201AA84F94000D17A6 /* Sources */ = {
			isa = PBXSourcesBuildPhase;
			buildActionMask = 2147483647;
			files = (
				C85140281AA84F94000D17A6 /* main.swift in Sources */,
				C851402F1AA85003000D17A6 /* Glowact.swift in Sources */,
				C85140311AA85011000D17A6 /* City.swift in Sources */,
			);
			runOnlyForDeploymentPostprocessing = 0;
		};
/* End PBXSourcesBuildPhase section */

/* Begin XCBuildConfiguration section */
		C85140291AA84F94000D17A6 /* Debug */ = {
			isa = XCBuildConfiguration;
			buildSettings = {
				ALWAYS_SEARCH_USER_PATHS = NO;
				CLANG_CXX_LANGUAGE_STANDARD = "gnu++0x";
				CLANG_CXX_LIBRARY = "libc++";
				CLANG_ENABLE_MODULES = YES;
				CLANG_ENABLE_OBJC_ARC = YES;
				CLANG_WARN_BOOL_CONVERSION = YES;
				CLANG_WARN_CONSTANT_CONVERSION = YES;
				CLANG_WARN_DIRECT_OBJC_ISA_USAGE = YES_ERROR;
				CLANG_WARN_EMPTY_BODY = YES;
				CLANG_WARN_ENUM_CONVERSION = YES;
				CLANG_WARN_INT_CONVERSION = YES;
				CLANG_WARN_OBJC_ROOT_CLASS = YES_ERROR;
				CLANG_WARN_UNREACHABLE_CODE = YES;
				CLANG_WARN__DUPLICATE_METHOD_MATCH = YES;
				COPY_PHASE_STRIP = NO;
				ENABLE_STRICT_OBJC_MSGSEND = YES;
				GCC_C_LANGUAGE_STANDARD = gnu99;
				GCC_DYNAMIC_NO_PIC = NO;
				GCC_OPTIMIZATION_LEVEL = 0;
				GCC_PREPROCESSOR_DEFINITIONS = (
					"DEBUG=1",
					"$(inherited)",
				);
				GCC_SYMBOLS_PRIVATE_EXTERN = NO;
				GCC_WARN_64_TO_32_BIT_CONVERSION = YES;
				GCC_WARN_ABOUT_RETURN_TYPE = YES_ERROR;
				GCC_WARN_UNDECLARED_SELECTOR = YES;
				GCC_WARN_UNINITIALIZED_AUTOS = YES_AGGRESSIVE;
				GCC_WARN_UNUSED_FUNCTION = YES;
				GCC_WARN_UNUSED_VARIABLE = YES;
				MACOSX_DEPLOYMENT_TARGET = 10.10;
				MTL_ENABLE_DEBUG_INFO = YES;
				ONLY_ACTIVE_ARCH = YES;
				SDKROOT = macosx;
				SWIFT_OPTIMIZATION_LEVEL = "-Onone";
			};
			name = Debug;
		};
		C851402A1AA84F94000D17A6 /* Release */ = {
			isa = XCBuildConfiguration;
			buildSettings = {
				ALWAYS_SEARCH_USER_PATHS = NO;
				CLANG_CXX_LANGUAGE_STANDARD = "gnu++0x";
				CLANG_CXX_LIBRARY = "libc++";
				CLANG_ENABLE_MODULES = YES;
				CLANG_ENABLE_OBJC_ARC = YES;
				CLANG_WARN_BOOL_CONVERSION = YES;
				CLANG_WARN_CONSTANT_CONVERSION = YES;
				CLANG_WARN_DIRECT_OBJC_ISA_USAGE = YES_ERROR;
				CLANG_WARN_EMPTY_BODY = YES;
				CLANG_WARN_ENUM_CONVERSION = YES;
				CLANG_WARN_INT_CONVERSION = YES;
				CLANG_WARN_OBJC_ROOT_CLASS = YES_ERROR;
				CLANG_WARN_UNREACHABLE_CODE = YES;
				CLANG_WARN__DUPLICATE_METHOD_MATCH = YES;
				COPY_PHASE_STRIP = YES;
				DEBUG_INFORMATION_FORMAT = "dwarf-with-dsym";
				ENABLE_NS_ASSERTIONS = NO;
				ENABLE_STRICT_OBJC_MSGSEND = YES;
				GCC_C_LANGUAGE_STANDARD = gnu99;
				GCC_WARN_64_TO_32_BIT_CONVERSION = YES;
				GCC_WARN_ABOUT_RETURN_TYPE = YES_ERROR;
				GCC_WARN_UNDECLARED_SELECTOR = YES;
				GCC_WARN_UNINITIALIZED_AUTOS = YES_AGGRESSIVE;
				GCC_WARN_UNUSED_FUNCTION = YES;
				GCC_WARN_UNUSED_VARIABLE = YES;
				MACOSX_DEPLOYMENT_TARGET = 10.10;
				MTL_ENABLE_DEBUG_INFO = NO;
				SDKROOT = macosx;
			};
			name = Release;
		};
		C851402C1AA84F94000D17A6 /* Debug */ = {
			isa = XCBuildConfiguration;
			buildSettings = {
				PRODUCT_NAME = "$(TARGET_NAME)";
			};
			name = Debug;
		};
		C851402D1AA84F94000D17A6 /* Release */ = {
			isa = XCBuildConfiguration;
			buildSettings = {
				PRODUCT_NAME = "$(TARGET_NAME)";
			};
			name = Release;
		};
/* End XCBuildConfiguration section */

/* Begin XCConfigurationList section */
		C851401F1AA84F94000D17A6 /* Build configuration list for PBXProject "Hellglow World" */ = {
			isa = XCConfigurationList;
			buildConfigurations = (
				C85140291AA84F94000D17A6 /* Debug */,
				C851402A1AA84F94000D17A6 /* Release */,
			);
			defaultConfigurationIsVisible = 0;
			defaultConfigurationName = Release;
		};
		C851402B1AA84F94000D17A6 /* Build configuration list for PBXNativeTarget "Hellglow World" */ = {
			isa = XCConfigurationList;
			buildConfigurations = (
				C851402C1AA84F94000D17A6 /* Debug */,
				C851402D1AA84F94000D17A6 /* Release */,
			);
			defaultConfigurationIsVisible = 0;
		};
/* End XCConfigurationList section */
	};
	rootObject = C851401C1AA84F94000D17A6 /* Project object */;
}
